
Microsoft Visual Studio Solution File, Format Version 10.00
# Visual Studio 2008
Project("{8BC9CEB8-8B4A-11D0-8D11-00A0C91BC942}") = "gitcrypt", "gitcrypt.vcproj", "{52B59A89-1417-41B4-B297-0EF107E2A643}"
EndProject
Global
	GlobalSection(SolutionConfigurationPlatforms) = preSolution
		Debug|Win32 = Debug|Win32
		Release|Win32 = Release|Win32
	EndGlobalSection
	GlobalSection(ProjectConfigurationPlatforms) = postSolution
		{52B59A89-1417-41B4-B297-0EF107E2A643}.Debug|Win32.ActiveCfg = Debug|Win32
		{52B59A89-1417-41B4-B297-0EF107E2A643}.Debug|Win32.Build.0 = Debug|Win32
		{52B59A89-1417-41B4-B297-0EF107E2A643}.Release|Win32.ActiveCfg = Release|Win32
		{52B59A89-1417-41B4-B297-0EF107E2A643}.Release|Win32.Build.0 = Release|Win32
	EndGlobalSection
	GlobalSection(SolutionProperties) = preSolution
		HideSolutionNode = FALSE
	EndGlobalSection
EndGlobal
